# This file was autogenerated by Stack.
# You should not edit this file by hand.
# For more information, please see the documentation at:
#   https://docs.haskellstack.org/en/stable/topics/lock_files

packages: []
snapshots:
- completed:
    sha256: 9aa2f0ee6ff68abcbae991c79ac2ba1b4db0453e88d455f6e78bade65f97bdbf
    size: 669616
    url: https://raw.githubusercontent.com/commercialhaskell/stackage-snapshots/master/nightly/2025/3/29.yaml
  original: nightly-2025-03-29
