# This file was autogenerated by Stack.
# You should not edit this file by hand.
# For more information, please see the documentation at:
#   https://docs.haskellstack.org/en/stable/topics/lock_files

packages: []
snapshots:
- completed:
    sha256: 890db3d37955b5d7f66cb478d78641bf80698235684c35fcf79353954b3831ac
    size: 656184
    url: https://raw.githubusercontent.com/commercialhaskell/stackage-snapshots/master/nightly/2025/3/1.yaml
  original: nightly-2025-03-01
