# This file was autogenerated by Stack.
# You should not edit this file by hand.
# For more information, please see the documentation at:
#   https://docs.haskellstack.org/en/stable/lock_files

packages: []
snapshots:
- completed:
    sha256: 4b8584812d65538cc7f6158ec1871f90d6120c114220363ff5f60050fde16dd8
    size: 620471
    url: https://raw.githubusercontent.com/commercialhaskell/stackage-snapshots/master/nightly/2024/12/22.yaml
  original: nightly-2024-12-22
